{
  "name": "eslint-config-omaha-prime-grade",
  "version": "8.0.0",
  "lockfileVersion": 1,
  "requires": true,
  "dependencies": {
    "babel-runtime": {
      "version": "6.23.0",
      "resolved": "https://registry.npmjs.org/babel-runtime/-/babel-runtime-6.23.0.tgz",
      "integrity": "sha1-CpSJ8UTecO+zzkMArM2zKeL8VDs=",
      "requires": {
        "core-js": "2.4.1",
        "regenerator-runtime": "0.10.5"
      }
    },
    "browserslist": {
      "version": "2.1.4",
      "resolved": "https://registry.npmjs.org/browserslist/-/browserslist-2.1.4.tgz",
      "integrity": "sha1-zFJq9KExK30uBWU+VtDIq3DA4FM=",
      "requires": {
        "caniuse-lite": "1.0.30000683",
        "electron-to-chromium": "1.3.14"
      }
    },
    "caniuse-db": {
      "version": "1.0.30000671",
      "resolved": "https://registry.npmjs.org/caniuse-db/-/caniuse-db-1.0.30000671.tgz",
      "integrity": "sha1-nwcbvHuWmUY4zLr0eCnVihV3qO0="
    },
    "caniuse-lite": {
      "version": "1.0.30000683",
      "resolved": "https://registry.npmjs.org/caniuse-lite/-/caniuse-lite-1.0.30000683.tgz",
      "integrity": "sha1-p1c3B88qzJIXymSE0d+8nxOJg2Q="
    },
    "core-js": {
      "version": "2.4.1",
      "resolved": "https://registry.npmjs.org/core-js/-/core-js-2.4.1.tgz",
      "integrity": "sha1-TekR5mew6ukSTjQlS1OupvxhjT4="
    },
    "electron-to-chromium": {
      "version": "1.3.14",
      "resolved": "https://registry.npmjs.org/electron-to-chromium/-/electron-to-chromium-1.3.14.tgz",
      "integrity": "sha1-ZK8Pnv08PGrNV9cfg7Scp+6cS0M="
    },
    "eslint-plugin-compat": {
      "version": "1.0.3",
      "resolved": "https://registry.npmjs.org/eslint-plugin-compat/-/eslint-plugin-compat-1.0.3.tgz",
      "integrity": "sha1-ABnjTuu0US3m3ANRNJvBMqMi0pI=",
      "requires": {
        "babel-runtime": "6.23.0",
        "browserslist": "2.1.4",
        "caniuse-db": "1.0.30000671",
        "requireindex": "1.1.0"
      }
    },
    "eslint-plugin-promise": {
      "version": "3.6.0",
      "resolved": "https://registry.npmjs.org/eslint-plugin-promise/-/eslint-plugin-promise-3.6.0.tgz",
      "integrity": "sha512-YQzM6TLTlApAr7Li8vWKR+K3WghjwKcYzY0d2roWap4SLK+kzuagJX/leTetIDWsFcTFnKNJXWupDCD6aZkP2Q=="
    },
    "regenerator-runtime": {
      "version": "0.10.5",
      "resolved": "https://registry.npmjs.org/regenerator-runtime/-/regenerator-runtime-0.10.5.tgz",
      "integrity": "sha1-M2w+/BIgrc7dosn6tntaeVWjNlg="
    },
    "requireindex": {
      "version": "1.1.0",
      "resolved": "https://registry.npmjs.org/requireindex/-/requireindex-1.1.0.tgz",
      "integrity": "sha1-5UBLgVV+91225JxacgBIk/4D4WI="
    }
  }
}
